{
  "name": "reduce-deep",
  "version": "1.4.4",
  "lockfileVersion": 3,
  "requires": true,
  "packages": {
    "": {
      "name": "reduce-deep",
      "version": "1.4.4",
      "license": "MIT",
      "dependencies": {
        "isflattenable": "*"
      },
      "devDependencies": {
        "@types/mocha": "*",
        "@types/node": "*",
        "lodash.constant": "*"
      },
      "engines": {
        "node": ">=0.8"
      }
    },
    "node_modules/@types/mocha": {
      "version": "10.0.10",
      "dev": true,
      "license": "MIT"
    },
    "node_modules/@types/node": {
      "version": "24.9.1",
      "dev": true,
      "license": "MIT",
      "dependencies": {
        "undici-types": "~7.16.0"
      }
    },
    "node_modules/isflattenable": {
      "version": "1.2.3",
      "license": "MIT",
      "dependencies": {
        "lodash.isarguments": "*"
      },
      "engines": {
        "node": ">=0.8"
      }
    },
    "node_modules/lodash.constant": {
      "version": "3.0.0",
      "dev": true,
      "license": "MIT"
    },
    "node_modules/lodash.isarguments": {
      "version": "3.1.0",
      "license": "MIT"
    },
    "node_modules/undici-types": {
      "version": "7.16.0",
      "dev": true,
      "license": "MIT"
    }
  }
}
